
Microsoft Visual Studio Solution File, Format Version 12.00
Project("{FAE04EC0-301F-11D3-BF4B-00C04F79EFBC}") = "Movie Library", "Movie Library\Movie Library.csproj", "{47532DC9-0ED0-47FE-9175-6E1327D07593}"
EndProject
Project("{FAE04EC0-301F-11D3-BF4B-00C04F79EFBC}") = "MovieLibrary.DataAccess", "MovieLibrary.DataAccess\MovieLibrary.DataAccess.csproj", "{1D7A6B84-C2EF-4115-8116-3EB2C453B426}"
EndProject
Project("{FAE04EC0-301F-11D3-BF4B-00C04F79EFBC}") = "MovieLibrary.Core", "MovieLibrary.Core\MovieLibrary.Core.csproj", "{81173676-D2A5-4F63-98C1-ACC29E12B45F}"
EndProject
Project("{FAE04EC0-301F-11D3-BF4B-00C04F79EFBC}") = "MovieLibrary.Application", "MovieLibrary.Application\MovieLibrary.Application.csproj", "{C43111A4-0FC2-4AEE-810B-63EC35074651}"
EndProject
Global
	GlobalSection(SolutionConfigurationPlatforms) = preSolution
		Debug|Any CPU = Debug|Any CPU
		Release|Any CPU = Release|Any CPU
	EndGlobalSection
	GlobalSection(ProjectConfigurationPlatforms) = postSolution
		{47532DC9-0ED0-47FE-9175-6E1327D07593}.Debug|Any CPU.ActiveCfg = Debug|Any CPU
		{47532DC9-0ED0-47FE-9175-6E1327D07593}.Debug|Any CPU.Build.0 = Debug|Any CPU
		{47532DC9-0ED0-47FE-9175-6E1327D07593}.Release|Any CPU.ActiveCfg = Release|Any CPU
		{47532DC9-0ED0-47FE-9175-6E1327D07593}.Release|Any CPU.Build.0 = Release|Any CPU
		{1D7A6B84-C2EF-4115-8116-3EB2C453B426}.Debug|Any CPU.ActiveCfg = Debug|Any CPU
		{1D7A6B84-C2EF-4115-8116-3EB2C453B426}.Debug|Any CPU.Build.0 = Debug|Any CPU
		{1D7A6B84-C2EF-4115-8116-3EB2C453B426}.Release|Any CPU.ActiveCfg = Release|Any CPU
		{1D7A6B84-C2EF-4115-8116-3EB2C453B426}.Release|Any CPU.Build.0 = Release|Any CPU
		{81173676-D2A5-4F63-98C1-ACC29E12B45F}.Debug|Any CPU.ActiveCfg = Debug|Any CPU
		{81173676-D2A5-4F63-98C1-ACC29E12B45F}.Debug|Any CPU.Build.0 = Debug|Any CPU
		{81173676-D2A5-4F63-98C1-ACC29E12B45F}.Release|Any CPU.ActiveCfg = Release|Any CPU
		{81173676-D2A5-4F63-98C1-ACC29E12B45F}.Release|Any CPU.Build.0 = Release|Any CPU
		{C43111A4-0FC2-4AEE-810B-63EC35074651}.Debug|Any CPU.ActiveCfg = Debug|Any CPU
		{C43111A4-0FC2-4AEE-810B-63EC35074651}.Debug|Any CPU.Build.0 = Debug|Any CPU
		{C43111A4-0FC2-4AEE-810B-63EC35074651}.Release|Any CPU.ActiveCfg = Release|Any CPU
		{C43111A4-0FC2-4AEE-810B-63EC35074651}.Release|Any CPU.Build.0 = Release|Any CPU
	EndGlobalSection
EndGlobal
